
Microsoft Visual Studio Solution File, Format Version 12.00
# Visual Studio Version 17
VisualStudioVersion = 17.9.34518.117
MinimumVisualStudioVersion = 10.0.40219.1
Project("{FAE04EC0-301F-11D3-BF4B-00C04F79EFBC}") = "SMTVVAlwaysFusionAccident", "SMTVVAlwaysFusionAccident.csproj", "{1C11A14B-A9B4-49C0-AB6C-7B7109C3595B}"
EndProject
Global
	GlobalSection(SolutionConfigurationPlatforms) = preSolution
		Debug|Any CPU = Debug|Any CPU
		Release|Any CPU = Release|Any CPU
	EndGlobalSection
	GlobalSection(ProjectConfigurationPlatforms) = postSolution
		{1C11A14B-A9B4-49C0-AB6C-7B7109C3595B}.Debug|Any CPU.ActiveCfg = Debug|Any CPU
		{1C11A14B-A9B4-49C0-AB6C-7B7109C3595B}.Debug|Any CPU.Build.0 = Debug|Any CPU
		{1C11A14B-A9B4-49C0-AB6C-7B7109C3595B}.Release|Any CPU.ActiveCfg = Release|Any CPU
		{1C11A14B-A9B4-49C0-AB6C-7B7109C3595B}.Release|Any CPU.Build.0 = Release|Any CPU
	EndGlobalSection
	GlobalSection(SolutionProperties) = preSolution
		HideSolutionNode = FALSE
	EndGlobalSection
	GlobalSection(ExtensibilityGlobals) = postSolution
		SolutionGuid = {D9BF6C11-1C71-424B-96A8-F98FB3C94418}
	EndGlobalSection
EndGlobal
